{
  "name": "real-world-ts",
  "version": "1.0.0",
  "lockfileVersion": 3,
  "requires": true,
  "packages": {
    "": {
      "name": "real-world-ts",
      "version": "1.0.0",
      "license": "MIT",
      "dependencies": {
        "@typescript/native-preview": "7.0.0-dev.20250614.1"
      },
      "devDependencies": {
        "@types/node": "24.0.1",
        "prettier": "3.0.3"
      }
    },
    "node_modules/@types/node": {
      "version": "24.0.1",
      "resolved": "https://registry.npmjs.org/@types/node/-/node-24.0.1.tgz",
      "integrity": "sha512-MX4Zioh39chHlDJbKmEgydJDS3tspMP/lnQC67G3SWsTnb9NeYVWOjkxpOSy4oMfPs4StcWHwBrvUb4ybfnuaw==",
      "dev": true,
      "license": "MIT",
      "dependencies": {
        "undici-types": "~7.8.0"
      }
    },
    "node_modules/@typescript/native-preview": {
      "version": "7.0.0-dev.20250614.1",
      "resolved": "https://registry.npmjs.org/@typescript/native-preview/-/native-preview-7.0.0-dev.20250614.1.tgz",
      "integrity": "sha512-mAitdu+lZPT8deu3CtFcORzsZ8aiYZAwa/FjBtTrii6+vAgM3pOsopARxot5bcf8VCwwlDA6sl/RXngaHU7zUQ==",
      "license": "Apache-2.0",
      "bin": {
        "tsgo": "bin/tsgo.js"
      },
      "engines": {
        "node": ">=20.6.0"
      },
      "optionalDependencies": {
        "@typescript/native-preview-darwin-arm64": "7.0.0-dev.20250614.1",
        "@typescript/native-preview-darwin-x64": "7.0.0-dev.20250614.1",
        "@typescript/native-preview-linux-arm": "7.0.0-dev.20250614.1",
        "@typescript/native-preview-linux-arm64": "7.0.0-dev.20250614.1",
        "@typescript/native-preview-linux-x64": "7.0.0-dev.20250614.1",
        "@typescript/native-preview-win32-arm64": "7.0.0-dev.20250614.1",
        "@typescript/native-preview-win32-x64": "7.0.0-dev.20250614.1"
      }
    },
    "node_modules/@typescript/native-preview-darwin-arm64": {
      "version": "7.0.0-dev.20250614.1",
      "resolved": "https://registry.npmjs.org/@typescript/native-preview-darwin-arm64/-/native-preview-darwin-arm64-7.0.0-dev.20250614.1.tgz",
      "integrity": "sha512-QOAVC7+aHj7JeGpvNzMDl/ysRuEAfdD0VWJcsL0gy/YhjV9tlVMXmpbE/2bcr0C2qT9y4XDgaamAUAtG0qzABg==",
      "cpu": [
        "arm64"
      ],
      "license": "Apache-2.0",
      "optional": true,
      "os": [
        "darwin"
      ],
      "engines": {
        "node": ">=20.6.0"
      }
    },
    "node_modules/@typescript/native-preview-darwin-x64": {
      "version": "7.0.0-dev.20250614.1",
      "resolved": "https://registry.npmjs.org/@typescript/native-preview-darwin-x64/-/native-preview-darwin-x64-7.0.0-dev.20250614.1.tgz",
      "integrity": "sha512-9zMunjRSiky5mY7wX8xTCJcyDDeno1os+XSX1h2WpAisgLprOsjQW1Um6Qy4fsMGERCwcpOWrDjPq0O6vEZq+w==",
      "cpu": [
        "x64"
      ],
      "license": "Apache-2.0",
      "optional": true,
      "os": [
        "darwin"
      ],
      "engines": {
        "node": ">=20.6.0"
      }
    },
    "node_modules/@typescript/native-preview-linux-arm": {
      "version": "7.0.0-dev.20250614.1",
      "resolved": "https://registry.npmjs.org/@typescript/native-preview-linux-arm/-/native-preview-linux-arm-7.0.0-dev.20250614.1.tgz",
      "integrity": "sha512-Zd8GF43EflEcL41mQIwUOePtxWq5kGMdVwcZ5WVD4MKodl9GihCVnvM2RIWyEcCUglrw5SGFcnR4KSLEr2JYYg==",
      "cpu": [
        "arm"
      ],
      "license": "Apache-2.0",
      "optional": true,
      "os": [
        "linux"
      ],
      "engines": {
        "node": ">=20.6.0"
      }
    },
    "node_modules/@typescript/native-preview-linux-arm64": {
      "version": "7.0.0-dev.20250614.1",
      "resolved": "https://registry.npmjs.org/@typescript/native-preview-linux-arm64/-/native-preview-linux-arm64-7.0.0-dev.20250614.1.tgz",
      "integrity": "sha512-1F2rwj4oCR7Muq1JF5yvSq4QtqOuL6r1pxIc8ysWFtezx2pCnCa55s6iYOKQb21GjBlBHTHJsu6+XyjgnVzkgg==",
      "cpu": [
        "arm64"
      ],
      "license": "Apache-2.0",
      "optional": true,
      "os": [
        "linux"
      ],
      "engines": {
        "node": ">=20.6.0"
      }
    },
    "node_modules/@typescript/native-preview-linux-x64": {
      "version": "7.0.0-dev.20250614.1",
      "resolved": "https://registry.npmjs.org/@typescript/native-preview-linux-x64/-/native-preview-linux-x64-7.0.0-dev.20250614.1.tgz",
      "integrity": "sha512-3L94MNsWUIxadiWtdYBpdmtlY3n51L7wBbl6Ca8bFf1JAncZ2PlpPGGcEuh7XTRopELxe2Ye1us4s8uh6lxWmg==",
      "cpu": [
        "x64"
      ],
      "license": "Apache-2.0",
      "optional": true,
      "os": [
        "linux"
      ],
      "engines": {
        "node": ">=20.6.0"
      }
    },
    "node_modules/@typescript/native-preview-win32-arm64": {
      "version": "7.0.0-dev.20250614.1",
      "resolved": "https://registry.npmjs.org/@typescript/native-preview-win32-arm64/-/native-preview-win32-arm64-7.0.0-dev.20250614.1.tgz",
      "integrity": "sha512-L5uxIVEbpHNGZb7439TgDJzmFvu0x6cRq5wdkwdpxL9O5GztJ6pMTY13Qy7zHXDj+Otbe6sf4mBZZN+F7V7NMA==",
      "cpu": [
        "arm64"
      ],
      "license": "Apache-2.0",
      "optional": true,
      "os": [
        "win32"
      ],
      "engines": {
        "node": ">=20.6.0"
      }
    },
    "node_modules/@typescript/native-preview-win32-x64": {
      "version": "7.0.0-dev.20250614.1",
      "resolved": "https://registry.npmjs.org/@typescript/native-preview-win32-x64/-/native-preview-win32-x64-7.0.0-dev.20250614.1.tgz",
      "integrity": "sha512-jEwuKm2a8Sm8wE+ERn+cfRpecnYI9F5Pae9M+e64sYOG2J0I9DAGer/VxsYhk/Y9YsN/ASO5xLVve4aT5QRX/A==",
      "cpu": [
        "x64"
      ],
      "license": "Apache-2.0",
      "optional": true,
      "os": [
        "win32"
      ],
      "engines": {
        "node": ">=20.6.0"
      }
    },
    "node_modules/prettier": {
      "version": "3.0.3",
      "resolved": "https://registry.npmjs.org/prettier/-/prettier-3.0.3.tgz",
      "integrity": "sha512-L/4pUDMxcNa8R/EthV08Zt42WBO4h1rarVtK0K+QJG0X187OLo7l699jWw0GKuwzkPQ//jMFA/8Xm6Fh3J/DAg==",
      "dev": true,
      "bin": {
        "prettier": "bin/prettier.cjs"
      },
      "engines": {
        "node": ">=14"
      },
      "funding": {
        "url": "https://github.com/prettier/prettier?sponsor=1"
      }
    },
    "node_modules/undici-types": {
      "version": "7.8.0",
      "resolved": "https://registry.npmjs.org/undici-types/-/undici-types-7.8.0.tgz",
      "integrity": "sha512-9UJ2xGDvQ43tYyVMpuHlsgApydB8ZKfVYTsLDhXkFL/6gfkp+U8xTGdh8pMJv1SpZna0zxG1DwsKZsreLbXBxw==",
      "dev": true,
      "license": "MIT"
    }
  }
}
